
Microsoft Visual Studio Solution File, Format Version 12.00
# Visual Studio 15
VisualStudioVersion = 15.0.28307.136
MinimumVisualStudioVersion = 10.0.40219.1
Project("{9A19103F-16F7-4668-BE54-9A1E7A4F7556}") = "CourierKata", "CourierKata\CourierKata.csproj", "{9F51760D-6A5C-4745-96C2-FDA0658304A0}"
EndProject
Project("{FAE04EC0-301F-11D3-BF4B-00C04F79EFBC}") = "CourierKataTests", "CourierKataTests\CourierKataTests.csproj", "{7635F18B-1FD6-4664-9D62-DF53F4C008C1}"
EndProject
Global
	GlobalSection(SolutionConfigurationPlatforms) = preSolution
		Debug|Any CPU = Debug|Any CPU
		Release|Any CPU = Release|Any CPU
	EndGlobalSection
	GlobalSection(ProjectConfigurationPlatforms) = postSolution
		{9F51760D-6A5C-4745-96C2-FDA0658304A0}.Debug|Any CPU.ActiveCfg = Debug|Any CPU
		{9F51760D-6A5C-4745-96C2-FDA0658304A0}.Debug|Any CPU.Build.0 = Debug|Any CPU
		{9F51760D-6A5C-4745-96C2-FDA0658304A0}.Release|Any CPU.ActiveCfg = Release|Any CPU
		{9F51760D-6A5C-4745-96C2-FDA0658304A0}.Release|Any CPU.Build.0 = Release|Any CPU
		{7635F18B-1FD6-4664-9D62-DF53F4C008C1}.Debug|Any CPU.ActiveCfg = Debug|Any CPU
		{7635F18B-1FD6-4664-9D62-DF53F4C008C1}.Debug|Any CPU.Build.0 = Debug|Any CPU
		{7635F18B-1FD6-4664-9D62-DF53F4C008C1}.Release|Any CPU.ActiveCfg = Release|Any CPU
		{7635F18B-1FD6-4664-9D62-DF53F4C008C1}.Release|Any CPU.Build.0 = Release|Any CPU
	EndGlobalSection
	GlobalSection(SolutionProperties) = preSolution
		HideSolutionNode = FALSE
	EndGlobalSection
	GlobalSection(ExtensibilityGlobals) = postSolution
		SolutionGuid = {165B9C4B-7ECF-4617-B54E-03633364E1E1}
	EndGlobalSection
EndGlobal
